
Microsoft Visual Studio Solution File, Format Version 12.00
# Visual Studio Version 17
VisualStudioVersion = 17.10.35013.160
MinimumVisualStudioVersion = 10.0.40219.1
Project("{FAE04EC0-301F-11D3-BF4B-00C04F79EFBC}") = "Excursion Car Rental", "Excursion Car Rental.csproj", "{84743FC6-0E19-49A0-A462-F9FA95EA9967}"
EndProject
Global
	GlobalSection(SolutionConfigurationPlatforms) = preSolution
		Debug|Any CPU = Debug|Any CPU
		Release|Any CPU = Release|Any CPU
	EndGlobalSection
	GlobalSection(ProjectConfigurationPlatforms) = postSolution
		{84743FC6-0E19-49A0-A462-F9FA95EA9967}.Debug|Any CPU.ActiveCfg = Debug|Any CPU
		{84743FC6-0E19-49A0-A462-F9FA95EA9967}.Debug|Any CPU.Build.0 = Debug|Any CPU
		{84743FC6-0E19-49A0-A462-F9FA95EA9967}.Release|Any CPU.ActiveCfg = Release|Any CPU
		{84743FC6-0E19-49A0-A462-F9FA95EA9967}.Release|Any CPU.Build.0 = Release|Any CPU
	EndGlobalSection
	GlobalSection(SolutionProperties) = preSolution
		HideSolutionNode = FALSE
	EndGlobalSection
	GlobalSection(ExtensibilityGlobals) = postSolution
		SolutionGuid = {145F7AC2-4590-406D-8D61-4C36819F99A1}
	EndGlobalSection
EndGlobal
